// !$*UTF8*$!
{
	archiveVersion = 1;
	classes = {
	};
	objectVersion = 56;
	objects = {

/* Begin PBXBuildFile section */
		F41813262B68F525003E2814 /* ViewExtensions.swift in Sources */ = {isa = PBXBuildFile; fileRef = F41813252B68F525003E2814 /* ViewExtensions.swift */; };
		F41813292B68F941003E2814 /* SafeSFSymbols in Frameworks */ = {isa = PBXBuildFile; productRef = F41813282B68F941003E2814 /* SafeSFSymbols */; };
		F418132B2B690462003E2814 /* EnvironmentValuesExtensions.swift in Sources */ = {isa = PBXBuildFile; fileRef = F418132A2B690462003E2814 /* EnvironmentValuesExtensions.swift */; };
		F41CAF942B7B9D5D00DCE608 /* PreviewColorsHelper.swift in Sources */ = {isa = PBXBuildFile; fileRef = F41CAF932B7B9D5D00DCE608 /* PreviewColorsHelper.swift */; };
		F46A319F2B65C2E5008C4C79 /* AppDeps.swift in Sources */ = {isa = PBXBuildFile; fileRef = F46A319E2B65C2E5008C4C79 /* AppDeps.swift */; };
		F46A31A12B65C9DF008C4C79 /* SettingsViewModel.swift in Sources */ = {isa = PBXBuildFile; fileRef = F46A31A02B65C9DF008C4C79 /* SettingsViewModel.swift */; };
		F46A31A32B65CA60008C4C79 /* SettingsDataSource.swift in Sources */ = {isa = PBXBuildFile; fileRef = F46A31A22B65CA60008C4C79 /* SettingsDataSource.swift */; };
		F48EEC352B6B9083007FFA9B /* RepeatNoteContentView.swift in Sources */ = {isa = PBXBuildFile; fileRef = F48EEC342B6B9083007FFA9B /* RepeatNoteContentView.swift */; };
		F48EEC382B6BA378007FFA9B /* NotesListContentView.swift in Sources */ = {isa = PBXBuildFile; fileRef = F48EEC372B6BA378007FFA9B /* NotesListContentView.swift */; };
		F48EEC3B2B6BA674007FFA9B /* NoteRepeatType.swift in Sources */ = {isa = PBXBuildFile; fileRef = F48EEC3A2B6BA674007FFA9B /* NoteRepeatType.swift */; };
		F48EEC3D2B6BA707007FFA9B /* NoteRepeatModels.swift in Sources */ = {isa = PBXBuildFile; fileRef = F48EEC3C2B6BA707007FFA9B /* NoteRepeatModels.swift */; };
		F4AAC0C82B678A3000E60EBB /* AddNoteContentView.swift in Sources */ = {isa = PBXBuildFile; fileRef = F4AAC0C72B678A3000E60EBB /* AddNoteContentView.swift */; };
		F4AAC0CA2B67939700E60EBB /* MainViewModel.swift in Sources */ = {isa = PBXBuildFile; fileRef = F4AAC0C92B67939700E60EBB /* MainViewModel.swift */; };
		F4AAC0CC2B67B05700E60EBB /* AddNoteViewModel.swift in Sources */ = {isa = PBXBuildFile; fileRef = F4AAC0CB2B67B05700E60EBB /* AddNoteViewModel.swift */; };
		F4AAC0CE2B67B0D100E60EBB /* Localizable.xcstrings in Resources */ = {isa = PBXBuildFile; fileRef = F4AAC0CD2B67B0D100E60EBB /* Localizable.xcstrings */; };
		F4C3759B2B63B31600FF776D /* NotificatorApp.swift in Sources */ = {isa = PBXBuildFile; fileRef = F4C3759A2B63B31600FF776D /* NotificatorApp.swift */; };
		F4C3759D2B63B31600FF776D /* MainContentView.swift in Sources */ = {isa = PBXBuildFile; fileRef = F4C3759C2B63B31600FF776D /* MainContentView.swift */; };
		F4C3759F2B63B31600FF776D /* ItemL.swift in Sources */ = {isa = PBXBuildFile; fileRef = F4C3759E2B63B31600FF776D /* ItemL.swift */; };
		F4C375A12B63B31700FF776D /* Assets.xcassets in Resources */ = {isa = PBXBuildFile; fileRef = F4C375A02B63B31700FF776D /* Assets.xcassets */; };
		F4C375A52B63B31700FF776D /* Preview Assets.xcassets in Resources */ = {isa = PBXBuildFile; fileRef = F4C375A42B63B31700FF776D /* Preview Assets.xcassets */; };
		F4C375AF2B63B31700FF776D /* NotificatorTests.swift in Sources */ = {isa = PBXBuildFile; fileRef = F4C375AE2B63B31700FF776D /* NotificatorTests.swift */; };
		F4C375B92B63B31700FF776D /* NotificatorUITests.swift in Sources */ = {isa = PBXBuildFile; fileRef = F4C375B82B63B31700FF776D /* NotificatorUITests.swift */; };
		F4C375BB2B63B31700FF776D /* NotificatorUITestsLaunchTests.swift in Sources */ = {isa = PBXBuildFile; fileRef = F4C375BA2B63B31700FF776D /* NotificatorUITestsLaunchTests.swift */; };
		F4C375C92B63B64100FF776D /* TabBar in Frameworks */ = {isa = PBXBuildFile; productRef = F4C375C82B63B64100FF776D /* TabBar */; };
		F4C375D02B63B75100FF776D /* TabBarItem.swift in Sources */ = {isa = PBXBuildFile; fileRef = F4C375CF2B63B75100FF776D /* TabBarItem.swift */; };
		F4C375D22B63BC9000FF776D /* TabBarStyle.swift in Sources */ = {isa = PBXBuildFile; fileRef = F4C375D12B63BC9000FF776D /* TabBarStyle.swift */; };
		F4C375D62B63C15900FF776D /* RGBColor.swift in Sources */ = {isa = PBXBuildFile; fileRef = F4C375D52B63C15900FF776D /* RGBColor.swift */; };
		F4C375DB2B63C3CD00FF776D /* TabBarItemStyle.swift in Sources */ = {isa = PBXBuildFile; fileRef = F4C375DA2B63C3CD00FF776D /* TabBarItemStyle.swift */; };
		F4C375DD2B63D2D500FF776D /* ColorSchemeManager.swift in Sources */ = {isa = PBXBuildFile; fileRef = F4C375DC2B63D2D500FF776D /* ColorSchemeManager.swift */; };
		F4C375E12B63D39500FF776D /* ColorSchemeModel.swift in Sources */ = {isa = PBXBuildFile; fileRef = F4C375E02B63D39500FF776D /* ColorSchemeModel.swift */; };
		F4C375E42B63DB2600FF776D /* SettingsContentView.swift in Sources */ = {isa = PBXBuildFile; fileRef = F4C375E32B63DB2600FF776D /* SettingsContentView.swift */; };
		F4C375E72B63F51400FF776D /* SettingsDataModel.swift in Sources */ = {isa = PBXBuildFile; fileRef = F4C375E62B63F51400FF776D /* SettingsDataModel.swift */; };
		F4C375E92B64022300FF776D /* Constants.swift in Sources */ = {isa = PBXBuildFile; fileRef = F4C375E82B64022300FF776D /* Constants.swift */; };
/* End PBXBuildFile section */

/* Begin PBXContainerItemProxy section */
		F4C375AB2B63B31700FF776D /* PBXContainerItemProxy */ = {
			isa = PBXContainerItemProxy;
			containerPortal = F4C3758F2B63B31600FF776D /* Project object */;
			proxyType = 1;
			remoteGlobalIDString = F4C375962B63B31600FF776D;
			remoteInfo = Notificator;
		};
		F4C375B52B63B31700FF776D /* PBXContainerItemProxy */ = {
			isa = PBXContainerItemProxy;
			containerPortal = F4C3758F2B63B31600FF776D /* Project object */;
			proxyType = 1;
			remoteGlobalIDString = F4C375962B63B31600FF776D;
			remoteInfo = Notificator;
		};
/* End PBXContainerItemProxy section */

/* Begin PBXFileReference section */
		F41813252B68F525003E2814 /* ViewExtensions.swift */ = {isa = PBXFileReference; lastKnownFileType = sourcecode.swift; path = ViewExtensions.swift; sourceTree = "<group>"; };
		F418132A2B690462003E2814 /* EnvironmentValuesExtensions.swift */ = {isa = PBXFileReference; lastKnownFileType = sourcecode.swift; path = EnvironmentValuesExtensions.swift; sourceTree = "<group>"; };
		F41CAF932B7B9D5D00DCE608 /* PreviewColorsHelper.swift */ = {isa = PBXFileReference; lastKnownFileType = sourcecode.swift; path = PreviewColorsHelper.swift; sourceTree = "<group>"; };
		F46A319E2B65C2E5008C4C79 /* AppDeps.swift */ = {isa = PBXFileReference; lastKnownFileType = sourcecode.swift; path = AppDeps.swift; sourceTree = "<group>"; };
		F46A31A02B65C9DF008C4C79 /* SettingsViewModel.swift */ = {isa = PBXFileReference; lastKnownFileType = sourcecode.swift; path = SettingsViewModel.swift; sourceTree = "<group>"; };
		F46A31A22B65CA60008C4C79 /* SettingsDataSource.swift */ = {isa = PBXFileReference; lastKnownFileType = sourcecode.swift; path = SettingsDataSource.swift; sourceTree = "<group>"; };
		F48EEC342B6B9083007FFA9B /* RepeatNoteContentView.swift */ = {isa = PBXFileReference; lastKnownFileType = sourcecode.swift; path = RepeatNoteContentView.swift; sourceTree = "<group>"; };
		F48EEC372B6BA378007FFA9B /* NotesListContentView.swift */ = {isa = PBXFileReference; lastKnownFileType = sourcecode.swift; path = NotesListContentView.swift; sourceTree = "<group>"; };
		F48EEC3A2B6BA674007FFA9B /* NoteRepeatType.swift */ = {isa = PBXFileReference; lastKnownFileType = sourcecode.swift; path = NoteRepeatType.swift; sourceTree = "<group>"; };
		F48EEC3C2B6BA707007FFA9B /* NoteRepeatModels.swift */ = {isa = PBXFileReference; lastKnownFileType = sourcecode.swift; path = NoteRepeatModels.swift; sourceTree = "<group>"; };
		F4AAC0C72B678A3000E60EBB /* AddNoteContentView.swift */ = {isa = PBXFileReference; lastKnownFileType = sourcecode.swift; path = AddNoteContentView.swift; sourceTree = "<group>"; };
		F4AAC0C92B67939700E60EBB /* MainViewModel.swift */ = {isa = PBXFileReference; lastKnownFileType = sourcecode.swift; path = MainViewModel.swift; sourceTree = "<group>"; };
		F4AAC0CB2B67B05700E60EBB /* AddNoteViewModel.swift */ = {isa = PBXFileReference; lastKnownFileType = sourcecode.swift; path = AddNoteViewModel.swift; sourceTree = "<group>"; };
		F4AAC0CD2B67B0D100E60EBB /* Localizable.xcstrings */ = {isa = PBXFileReference; lastKnownFileType = text.json.xcstrings; path = Localizable.xcstrings; sourceTree = "<group>"; };
		F4C375972B63B31600FF776D /* Notificator.app */ = {isa = PBXFileReference; explicitFileType = wrapper.application; includeInIndex = 0; path = Notificator.app; sourceTree = BUILT_PRODUCTS_DIR; };
		F4C3759A2B63B31600FF776D /* NotificatorApp.swift */ = {isa = PBXFileReference; lastKnownFileType = sourcecode.swift; path = NotificatorApp.swift; sourceTree = "<group>"; };
		F4C3759C2B63B31600FF776D /* MainContentView.swift */ = {isa = PBXFileReference; lastKnownFileType = sourcecode.swift; path = MainContentView.swift; sourceTree = "<group>"; };
		F4C3759E2B63B31600FF776D /* ItemL.swift */ = {isa = PBXFileReference; lastKnownFileType = sourcecode.swift; path = ItemL.swift; sourceTree = "<group>"; };
		F4C375A02B63B31700FF776D /* Assets.xcassets */ = {isa = PBXFileReference; lastKnownFileType = folder.assetcatalog; path = Assets.xcassets; sourceTree = "<group>"; };
		F4C375A22B63B31700FF776D /* Notificator.entitlements */ = {isa = PBXFileReference; lastKnownFileType = text.plist.entitlements; path = Notificator.entitlements; sourceTree = "<group>"; };
		F4C375A42B63B31700FF776D /* Preview Assets.xcassets */ = {isa = PBXFileReference; lastKnownFileType = folder.assetcatalog; path = "Preview Assets.xcassets"; sourceTree = "<group>"; };
		F4C375AA2B63B31700FF776D /* NotificatorTests.xctest */ = {isa = PBXFileReference; explicitFileType = wrapper.cfbundle; includeInIndex = 0; path = NotificatorTests.xctest; sourceTree = BUILT_PRODUCTS_DIR; };
		F4C375AE2B63B31700FF776D /* NotificatorTests.swift */ = {isa = PBXFileReference; lastKnownFileType = sourcecode.swift; path = NotificatorTests.swift; sourceTree = "<group>"; };
		F4C375B42B63B31700FF776D /* NotificatorUITests.xctest */ = {isa = PBXFileReference; explicitFileType = wrapper.cfbundle; includeInIndex = 0; path = NotificatorUITests.xctest; sourceTree = BUILT_PRODUCTS_DIR; };
		F4C375B82B63B31700FF776D /* NotificatorUITests.swift */ = {isa = PBXFileReference; lastKnownFileType = sourcecode.swift; path = NotificatorUITests.swift; sourceTree = "<group>"; };
		F4C375BA2B63B31700FF776D /* NotificatorUITestsLaunchTests.swift */ = {isa = PBXFileReference; lastKnownFileType = sourcecode.swift; path = NotificatorUITestsLaunchTests.swift; sourceTree = "<group>"; };
		F4C375CF2B63B75100FF776D /* TabBarItem.swift */ = {isa = PBXFileReference; lastKnownFileType = sourcecode.swift; path = TabBarItem.swift; sourceTree = "<group>"; };
		F4C375D12B63BC9000FF776D /* TabBarStyle.swift */ = {isa = PBXFileReference; lastKnownFileType = sourcecode.swift; path = TabBarStyle.swift; sourceTree = "<group>"; };
		F4C375D52B63C15900FF776D /* RGBColor.swift */ = {isa = PBXFileReference; lastKnownFileType = sourcecode.swift; path = RGBColor.swift; sourceTree = "<group>"; };
		F4C375DA2B63C3CD00FF776D /* TabBarItemStyle.swift */ = {isa = PBXFileReference; lastKnownFileType = sourcecode.swift; path = TabBarItemStyle.swift; sourceTree = "<group>"; };
		F4C375DC2B63D2D500FF776D /* ColorSchemeManager.swift */ = {isa = PBXFileReference; lastKnownFileType = sourcecode.swift; path = ColorSchemeManager.swift; sourceTree = "<group>"; };
		F4C375E02B63D39500FF776D /* ColorSchemeModel.swift */ = {isa = PBXFileReference; lastKnownFileType = sourcecode.swift; path = ColorSchemeModel.swift; sourceTree = "<group>"; };
		F4C375E32B63DB2600FF776D /* SettingsContentView.swift */ = {isa = PBXFileReference; lastKnownFileType = sourcecode.swift; path = SettingsContentView.swift; sourceTree = "<group>"; };
		F4C375E62B63F51400FF776D /* SettingsDataModel.swift */ = {isa = PBXFileReference; lastKnownFileType = sourcecode.swift; path = SettingsDataModel.swift; sourceTree = "<group>"; };
		F4C375E82B64022300FF776D /* Constants.swift */ = {isa = PBXFileReference; lastKnownFileType = sourcecode.swift; path = Constants.swift; sourceTree = "<group>"; };
/* End PBXFileReference section */

/* Begin PBXFrameworksBuildPhase section */
		F4C375942B63B31600FF776D /* Frameworks */ = {
			isa = PBXFrameworksBuildPhase;
			buildActionMask = 2147483647;
			files = (
				F41813292B68F941003E2814 /* SafeSFSymbols in Frameworks */,
				F4C375C92B63B64100FF776D /* TabBar in Frameworks */,
			);
			runOnlyForDeploymentPostprocessing = 0;
		};
		F4C375A72B63B31700FF776D /* Frameworks */ = {
			isa = PBXFrameworksBuildPhase;
			buildActionMask = 2147483647;
			files = (
			);
			runOnlyForDeploymentPostprocessing = 0;
		};
		F4C375B12B63B31700FF776D /* Frameworks */ = {
			isa = PBXFrameworksBuildPhase;
			buildActionMask = 2147483647;
			files = (
			);
			runOnlyForDeploymentPostprocessing = 0;
		};
/* End PBXFrameworksBuildPhase section */

/* Begin PBXGroup section */
		F41813242B68F50F003E2814 /* Extensions */ = {
			isa = PBXGroup;
			children = (
				F41813252B68F525003E2814 /* ViewExtensions.swift */,
				F418132A2B690462003E2814 /* EnvironmentValuesExtensions.swift */,
			);
			path = Extensions;
			sourceTree = "<group>";
		};
		F48EEC332B6B9069007FFA9B /* RepeatNote */ = {
			isa = PBXGroup;
			children = (
				F48EEC342B6B9083007FFA9B /* RepeatNoteContentView.swift */,
			);
			path = RepeatNote;
			sourceTree = "<group>";
		};
		F48EEC362B6BA364007FFA9B /* NotesList */ = {
			isa = PBXGroup;
			children = (
				F48EEC372B6BA378007FFA9B /* NotesListContentView.swift */,
			);
			path = NotesList;
			sourceTree = "<group>";
		};
		F48EEC392B6BA65A007FFA9B /* NoteRepeat */ = {
			isa = PBXGroup;
			children = (
				F48EEC3A2B6BA674007FFA9B /* NoteRepeatType.swift */,
				F48EEC3C2B6BA707007FFA9B /* NoteRepeatModels.swift */,
			);
			path = NoteRepeat;
			sourceTree = "<group>";
		};
		F4AAC0C62B678A1A00E60EBB /* Add */ = {
			isa = PBXGroup;
			children = (
				F4AAC0C72B678A3000E60EBB /* AddNoteContentView.swift */,
				F4AAC0CB2B67B05700E60EBB /* AddNoteViewModel.swift */,
			);
			path = Add;
			sourceTree = "<group>";
		};
		F4C3758E2B63B31600FF776D = {
			isa = PBXGroup;
			children = (
				F4C375992B63B31600FF776D /* Notificator */,
				F4C375AD2B63B31700FF776D /* NotificatorTests */,
				F4C375B72B63B31700FF776D /* NotificatorUITests */,
				F4C375982B63B31600FF776D /* Products */,
			);
			sourceTree = "<group>";
		};
		F4C375982B63B31600FF776D /* Products */ = {
			isa = PBXGroup;
			children = (
				F4C375972B63B31600FF776D /* Notificator.app */,
				F4C375AA2B63B31700FF776D /* NotificatorTests.xctest */,
				F4C375B42B63B31700FF776D /* NotificatorUITests.xctest */,
			);
			name = Products;
			sourceTree = "<group>";
		};
		F4C375992B63B31600FF776D /* Notificator */ = {
			isa = PBXGroup;
			children = (
				F4C375CD2B63B6E900FF776D /* App */,
				F4C3759E2B63B31600FF776D /* ItemL.swift */,
				F4C375A22B63B31700FF776D /* Notificator.entitlements */,
				F4C375A32B63B31700FF776D /* Preview Content */,
				F4C375CE2B63B6FB00FF776D /* Resources */,
				F4C375CA2B63B6C900FF776D /* Source */,
			);
			path = Notificator;
			sourceTree = "<group>";
		};
		F4C375A32B63B31700FF776D /* Preview Content */ = {
			isa = PBXGroup;
			children = (
				F4C375A42B63B31700FF776D /* Preview Assets.xcassets */,
			);
			path = "Preview Content";
			sourceTree = "<group>";
		};
		F4C375AD2B63B31700FF776D /* NotificatorTests */ = {
			isa = PBXGroup;
			children = (
				F4C375AE2B63B31700FF776D /* NotificatorTests.swift */,
			);
			path = NotificatorTests;
			sourceTree = "<group>";
		};
		F4C375B72B63B31700FF776D /* NotificatorUITests */ = {
			isa = PBXGroup;
			children = (
				F4C375B82B63B31700FF776D /* NotificatorUITests.swift */,
				F4C375BA2B63B31700FF776D /* NotificatorUITestsLaunchTests.swift */,
			);
			path = NotificatorUITests;
			sourceTree = "<group>";
		};
		F4C375CA2B63B6C900FF776D /* Source */ = {
			isa = PBXGroup;
			children = (
				F4C375E82B64022300FF776D /* Constants.swift */,
				F41813242B68F50F003E2814 /* Extensions */,
				F4C375D42B63C14300FF776D /* Helpers */,
				F4C375DE2B63D37800FF776D /* Managers */,
				F4C375CB2B63B6D200FF776D /* Screens */,
			);
			path = Source;
			sourceTree = "<group>";
		};
		F4C375CB2B63B6D200FF776D /* Screens */ = {
			isa = PBXGroup;
			children = (
				F4AAC0C62B678A1A00E60EBB /* Add */,
				F4C375CC2B63B6E000FF776D /* Main */,
				F48EEC362B6BA364007FFA9B /* NotesList */,
				F48EEC332B6B9069007FFA9B /* RepeatNote */,
				F4C375E22B63DB1700FF776D /* Settings */,
			);
			path = Screens;
			sourceTree = "<group>";
		};
		F4C375CC2B63B6E000FF776D /* Main */ = {
			isa = PBXGroup;
			children = (
				F4C3759C2B63B31600FF776D /* MainContentView.swift */,
				F4AAC0C92B67939700E60EBB /* MainViewModel.swift */,
				F4C375D32B63BDE000FF776D /* TabBar */,
			);
			path = Main;
			sourceTree = "<group>";
		};
		F4C375CD2B63B6E900FF776D /* App */ = {
			isa = PBXGroup;
			children = (
				F4C3759A2B63B31600FF776D /* NotificatorApp.swift */,
				F46A319E2B65C2E5008C4C79 /* AppDeps.swift */,
			);
			path = App;
			sourceTree = "<group>";
		};
		F4C375CE2B63B6FB00FF776D /* Resources */ = {
			isa = PBXGroup;
			children = (
				F4C375A02B63B31700FF776D /* Assets.xcassets */,
				F4AAC0CD2B67B0D100E60EBB /* Localizable.xcstrings */,
			);
			path = Resources;
			sourceTree = "<group>";
		};
		F4C375D32B63BDE000FF776D /* TabBar */ = {
			isa = PBXGroup;
			children = (
				F4C375CF2B63B75100FF776D /* TabBarItem.swift */,
				F4C375D12B63BC9000FF776D /* TabBarStyle.swift */,
				F4C375DA2B63C3CD00FF776D /* TabBarItemStyle.swift */,
			);
			path = TabBar;
			sourceTree = "<group>";
		};
		F4C375D42B63C14300FF776D /* Helpers */ = {
			isa = PBXGroup;
			children = (
				F4C375D72B63C2FC00FF776D /* Colors */,
				F48EEC392B6BA65A007FFA9B /* NoteRepeat */,
			);
			path = Helpers;
			sourceTree = "<group>";
		};
		F4C375D72B63C2FC00FF776D /* Colors */ = {
			isa = PBXGroup;
			children = (
				F4C375D52B63C15900FF776D /* RGBColor.swift */,
				F41CAF932B7B9D5D00DCE608 /* PreviewColorsHelper.swift */,
			);
			path = Colors;
			sourceTree = "<group>";
		};
		F4C375DE2B63D37800FF776D /* Managers */ = {
			isa = PBXGroup;
			children = (
				F4C375DF2B63D38500FF776D /* Color */,
				F4C375E52B63F4E400FF776D /* Settings */,
			);
			path = Managers;
			sourceTree = "<group>";
		};
		F4C375DF2B63D38500FF776D /* Color */ = {
			isa = PBXGroup;
			children = (
				F4C375DC2B63D2D500FF776D /* ColorSchemeManager.swift */,
				F4C375E02B63D39500FF776D /* ColorSchemeModel.swift */,
			);
			path = Color;
			sourceTree = "<group>";
		};
		F4C375E22B63DB1700FF776D /* Settings */ = {
			isa = PBXGroup;
			children = (
				F4C375E32B63DB2600FF776D /* SettingsContentView.swift */,
				F46A31A02B65C9DF008C4C79 /* SettingsViewModel.swift */,
				F46A31A22B65CA60008C4C79 /* SettingsDataSource.swift */,
			);
			path = Settings;
			sourceTree = "<group>";
		};
		F4C375E52B63F4E400FF776D /* Settings */ = {
			isa = PBXGroup;
			children = (
				F4C375E62B63F51400FF776D /* SettingsDataModel.swift */,
			);
			path = Settings;
			sourceTree = "<group>";
		};
/* End PBXGroup section */

/* Begin PBXNativeTarget section */
		F4C375962B63B31600FF776D /* Notificator */ = {
			isa = PBXNativeTarget;
			buildConfigurationList = F4C375BE2B63B31700FF776D /* Build configuration list for PBXNativeTarget "Notificator" */;
			buildPhases = (
				F4C375932B63B31600FF776D /* Sources */,
				F4C375942B63B31600FF776D /* Frameworks */,
				F4C375952B63B31600FF776D /* Resources */,
			);
			buildRules = (
			);
			dependencies = (
			);
			name = Notificator;
			packageProductDependencies = (
				F4C375C82B63B64100FF776D /* TabBar */,
				F41813282B68F941003E2814 /* SafeSFSymbols */,
			);
			productName = Notificator;
			productReference = F4C375972B63B31600FF776D /* Notificator.app */;
			productType = "com.apple.product-type.application";
		};
		F4C375A92B63B31700FF776D /* NotificatorTests */ = {
			isa = PBXNativeTarget;
			buildConfigurationList = F4C375C12B63B31700FF776D /* Build configuration list for PBXNativeTarget "NotificatorTests" */;
			buildPhases = (
				F4C375A62B63B31700FF776D /* Sources */,
				F4C375A72B63B31700FF776D /* Frameworks */,
				F4C375A82B63B31700FF776D /* Resources */,
			);
			buildRules = (
			);
			dependencies = (
				F4C375AC2B63B31700FF776D /* PBXTargetDependency */,
			);
			name = NotificatorTests;
			productName = NotificatorTests;
			productReference = F4C375AA2B63B31700FF776D /* NotificatorTests.xctest */;
			productType = "com.apple.product-type.bundle.unit-test";
		};
		F4C375B32B63B31700FF776D /* NotificatorUITests */ = {
			isa = PBXNativeTarget;
			buildConfigurationList = F4C375C42B63B31700FF776D /* Build configuration list for PBXNativeTarget "NotificatorUITests" */;
			buildPhases = (
				F4C375B02B63B31700FF776D /* Sources */,
				F4C375B12B63B31700FF776D /* Frameworks */,
				F4C375B22B63B31700FF776D /* Resources */,
			);
			buildRules = (
			);
			dependencies = (
				F4C375B62B63B31700FF776D /* PBXTargetDependency */,
			);
			name = NotificatorUITests;
			productName = NotificatorUITests;
			productReference = F4C375B42B63B31700FF776D /* NotificatorUITests.xctest */;
			productType = "com.apple.product-type.bundle.ui-testing";
		};
/* End PBXNativeTarget section */

/* Begin PBXProject section */
		F4C3758F2B63B31600FF776D /* Project object */ = {
			isa = PBXProject;
			attributes = {
				BuildIndependentTargetsInParallel = 1;
				LastSwiftUpdateCheck = 1510;
				LastUpgradeCheck = 1510;
				TargetAttributes = {
					F4C375962B63B31600FF776D = {
						CreatedOnToolsVersion = 15.1;
					};
					F4C375A92B63B31700FF776D = {
						CreatedOnToolsVersion = 15.1;
						TestTargetID = F4C375962B63B31600FF776D;
					};
					F4C375B32B63B31700FF776D = {
						CreatedOnToolsVersion = 15.1;
						TestTargetID = F4C375962B63B31600FF776D;
					};
				};
			};
			buildConfigurationList = F4C375922B63B31600FF776D /* Build configuration list for PBXProject "Notificator" */;
			compatibilityVersion = "Xcode 14.0";
			developmentRegion = en;
			hasScannedForEncodings = 0;
			knownRegions = (
				en,
				Base,
				ru,
			);
			mainGroup = F4C3758E2B63B31600FF776D;
			packageReferences = (
				F4C375C72B63B64100FF776D /* XCRemoteSwiftPackageReference "TabBar" */,
				F41813272B68F941003E2814 /* XCRemoteSwiftPackageReference "SafeSFSymbols" */,
			);
			productRefGroup = F4C375982B63B31600FF776D /* Products */;
			projectDirPath = "";
			projectRoot = "";
			targets = (
				F4C375962B63B31600FF776D /* Notificator */,
				F4C375A92B63B31700FF776D /* NotificatorTests */,
				F4C375B32B63B31700FF776D /* NotificatorUITests */,
			);
		};
/* End PBXProject section */

/* Begin PBXResourcesBuildPhase section */
		F4C375952B63B31600FF776D /* Resources */ = {
			isa = PBXResourcesBuildPhase;
			buildActionMask = 2147483647;
			files = (
				F4C375A52B63B31700FF776D /* Preview Assets.xcassets in Resources */,
				F4C375A12B63B31700FF776D /* Assets.xcassets in Resources */,
				F4AAC0CE2B67B0D100E60EBB /* Localizable.xcstrings in Resources */,
			);
			runOnlyForDeploymentPostprocessing = 0;
		};
		F4C375A82B63B31700FF776D /* Resources */ = {
			isa = PBXResourcesBuildPhase;
			buildActionMask = 2147483647;
			files = (
			);
			runOnlyForDeploymentPostprocessing = 0;
		};
		F4C375B22B63B31700FF776D /* Resources */ = {
			isa = PBXResourcesBuildPhase;
			buildActionMask = 2147483647;
			files = (
			);
			runOnlyForDeploymentPostprocessing = 0;
		};
/* End PBXResourcesBuildPhase section */

/* Begin PBXSourcesBuildPhase section */
		F4C375932B63B31600FF776D /* Sources */ = {
			isa = PBXSourcesBuildPhase;
			buildActionMask = 2147483647;
			files = (
				F4C375DD2B63D2D500FF776D /* ColorSchemeManager.swift in Sources */,
				F4C375D22B63BC9000FF776D /* TabBarStyle.swift in Sources */,
				F4C375E12B63D39500FF776D /* ColorSchemeModel.swift in Sources */,
				F4C375E72B63F51400FF776D /* SettingsDataModel.swift in Sources */,
				F46A31A32B65CA60008C4C79 /* SettingsDataSource.swift in Sources */,
				F41CAF942B7B9D5D00DCE608 /* PreviewColorsHelper.swift in Sources */,
				F46A319F2B65C2E5008C4C79 /* AppDeps.swift in Sources */,
				F48EEC382B6BA378007FFA9B /* NotesListContentView.swift in Sources */,
				F4AAC0CC2B67B05700E60EBB /* AddNoteViewModel.swift in Sources */,
				F4C375E42B63DB2600FF776D /* SettingsContentView.swift in Sources */,
				F4C3759D2B63B31600FF776D /* MainContentView.swift in Sources */,
				F48EEC352B6B9083007FFA9B /* RepeatNoteContentView.swift in Sources */,
				F4AAC0CA2B67939700E60EBB /* MainViewModel.swift in Sources */,
				F4C3759F2B63B31600FF776D /* ItemL.swift in Sources */,
				F41813262B68F525003E2814 /* ViewExtensions.swift in Sources */,
				F4C375DB2B63C3CD00FF776D /* TabBarItemStyle.swift in Sources */,
				F4C375D62B63C15900FF776D /* RGBColor.swift in Sources */,
				F4C375D02B63B75100FF776D /* TabBarItem.swift in Sources */,
				F418132B2B690462003E2814 /* EnvironmentValuesExtensions.swift in Sources */,
				F48EEC3B2B6BA674007FFA9B /* NoteRepeatType.swift in Sources */,
				F4C3759B2B63B31600FF776D /* NotificatorApp.swift in Sources */,
				F48EEC3D2B6BA707007FFA9B /* NoteRepeatModels.swift in Sources */,
				F4C375E92B64022300FF776D /* Constants.swift in Sources */,
				F4AAC0C82B678A3000E60EBB /* AddNoteContentView.swift in Sources */,
				F46A31A12B65C9DF008C4C79 /* SettingsViewModel.swift in Sources */,
			);
			runOnlyForDeploymentPostprocessing = 0;
		};
		F4C375A62B63B31700FF776D /* Sources */ = {
			isa = PBXSourcesBuildPhase;
			buildActionMask = 2147483647;
			files = (
				F4C375AF2B63B31700FF776D /* NotificatorTests.swift in Sources */,
			);
			runOnlyForDeploymentPostprocessing = 0;
		};
		F4C375B02B63B31700FF776D /* Sources */ = {
			isa = PBXSourcesBuildPhase;
			buildActionMask = 2147483647;
			files = (
				F4C375B92B63B31700FF776D /* NotificatorUITests.swift in Sources */,
				F4C375BB2B63B31700FF776D /* NotificatorUITestsLaunchTests.swift in Sources */,
			);
			runOnlyForDeploymentPostprocessing = 0;
		};
/* End PBXSourcesBuildPhase section */

/* Begin PBXTargetDependency section */
		F4C375AC2B63B31700FF776D /* PBXTargetDependency */ = {
			isa = PBXTargetDependency;
			target = F4C375962B63B31600FF776D /* Notificator */;
			targetProxy = F4C375AB2B63B31700FF776D /* PBXContainerItemProxy */;
		};
		F4C375B62B63B31700FF776D /* PBXTargetDependency */ = {
			isa = PBXTargetDependency;
			target = F4C375962B63B31600FF776D /* Notificator */;
			targetProxy = F4C375B52B63B31700FF776D /* PBXContainerItemProxy */;
		};
/* End PBXTargetDependency section */

/* Begin XCBuildConfiguration section */
		F4C375BC2B63B31700FF776D /* Debug */ = {
			isa = XCBuildConfiguration;
			buildSettings = {
				ALWAYS_SEARCH_USER_PATHS = NO;
				ASSETCATALOG_COMPILER_GENERATE_SWIFT_ASSET_SYMBOL_EXTENSIONS = YES;
				CLANG_ANALYZER_NONNULL = YES;
				CLANG_ANALYZER_NUMBER_OBJECT_CONVERSION = YES_AGGRESSIVE;
				CLANG_CXX_LANGUAGE_STANDARD = "gnu++20";
				CLANG_ENABLE_MODULES = YES;
				CLANG_ENABLE_OBJC_ARC = YES;
				CLANG_ENABLE_OBJC_WEAK = YES;
				CLANG_WARN_BLOCK_CAPTURE_AUTORELEASING = YES;
				CLANG_WARN_BOOL_CONVERSION = YES;
				CLANG_WARN_COMMA = YES;
				CLANG_WARN_CONSTANT_CONVERSION = YES;
				CLANG_WARN_DEPRECATED_OBJC_IMPLEMENTATIONS = YES;
				CLANG_WARN_DIRECT_OBJC_ISA_USAGE = YES_ERROR;
				CLANG_WARN_DOCUMENTATION_COMMENTS = YES;
				CLANG_WARN_EMPTY_BODY = YES;
				CLANG_WARN_ENUM_CONVERSION = YES;
				CLANG_WARN_INFINITE_RECURSION = YES;
				CLANG_WARN_INT_CONVERSION = YES;
				CLANG_WARN_NON_LITERAL_NULL_CONVERSION = YES;
				CLANG_WARN_OBJC_IMPLICIT_RETAIN_SELF = YES;
				CLANG_WARN_OBJC_LITERAL_CONVERSION = YES;
				CLANG_WARN_OBJC_ROOT_CLASS = YES_ERROR;
				CLANG_WARN_QUOTED_INCLUDE_IN_FRAMEWORK_HEADER = YES;
				CLANG_WARN_RANGE_LOOP_ANALYSIS = YES;
				CLANG_WARN_STRICT_PROTOTYPES = YES;
				CLANG_WARN_SUSPICIOUS_MOVE = YES;
				CLANG_WARN_UNGUARDED_AVAILABILITY = YES_AGGRESSIVE;
				CLANG_WARN_UNREACHABLE_CODE = YES;
				CLANG_WARN__DUPLICATE_METHOD_MATCH = YES;
				COPY_PHASE_STRIP = NO;
				DEBUG_INFORMATION_FORMAT = dwarf;
				ENABLE_STRICT_OBJC_MSGSEND = YES;
				ENABLE_TESTABILITY = YES;
				ENABLE_USER_SCRIPT_SANDBOXING = YES;
				GCC_C_LANGUAGE_STANDARD = gnu17;
				GCC_DYNAMIC_NO_PIC = NO;
				GCC_NO_COMMON_BLOCKS = YES;
				GCC_OPTIMIZATION_LEVEL = 0;
				GCC_PREPROCESSOR_DEFINITIONS = (
					"DEBUG=1",
					"$(inherited)",
				);
				GCC_WARN_64_TO_32_BIT_CONVERSION = YES;
				GCC_WARN_ABOUT_RETURN_TYPE = YES_ERROR;
				GCC_WARN_UNDECLARED_SELECTOR = YES;
				GCC_WARN_UNINITIALIZED_AUTOS = YES_AGGRESSIVE;
				GCC_WARN_UNUSED_FUNCTION = YES;
				GCC_WARN_UNUSED_VARIABLE = YES;
				LOCALIZATION_PREFERS_STRING_CATALOGS = YES;
				MTL_ENABLE_DEBUG_INFO = INCLUDE_SOURCE;
				MTL_FAST_MATH = YES;
				ONLY_ACTIVE_ARCH = YES;
				SWIFT_ACTIVE_COMPILATION_CONDITIONS = "DEBUG $(inherited)";
				SWIFT_OPTIMIZATION_LEVEL = "-Onone";
			};
			name = Debug;
		};
		F4C375BD2B63B31700FF776D /* Release */ = {
			isa = XCBuildConfiguration;
			buildSettings = {
				ALWAYS_SEARCH_USER_PATHS = NO;
				ASSETCATALOG_COMPILER_GENERATE_SWIFT_ASSET_SYMBOL_EXTENSIONS = YES;
				CLANG_ANALYZER_NONNULL = YES;
				CLANG_ANALYZER_NUMBER_OBJECT_CONVERSION = YES_AGGRESSIVE;
				CLANG_CXX_LANGUAGE_STANDARD = "gnu++20";
				CLANG_ENABLE_MODULES = YES;
				CLANG_ENABLE_OBJC_ARC = YES;
				CLANG_ENABLE_OBJC_WEAK = YES;
				CLANG_WARN_BLOCK_CAPTURE_AUTORELEASING = YES;
				CLANG_WARN_BOOL_CONVERSION = YES;
				CLANG_WARN_COMMA = YES;
				CLANG_WARN_CONSTANT_CONVERSION = YES;
				CLANG_WARN_DEPRECATED_OBJC_IMPLEMENTATIONS = YES;
				CLANG_WARN_DIRECT_OBJC_ISA_USAGE = YES_ERROR;
				CLANG_WARN_DOCUMENTATION_COMMENTS = YES;
				CLANG_WARN_EMPTY_BODY = YES;
				CLANG_WARN_ENUM_CONVERSION = YES;
				CLANG_WARN_INFINITE_RECURSION = YES;
				CLANG_WARN_INT_CONVERSION = YES;
				CLANG_WARN_NON_LITERAL_NULL_CONVERSION = YES;
				CLANG_WARN_OBJC_IMPLICIT_RETAIN_SELF = YES;
				CLANG_WARN_OBJC_LITERAL_CONVERSION = YES;
				CLANG_WARN_OBJC_ROOT_CLASS = YES_ERROR;
				CLANG_WARN_QUOTED_INCLUDE_IN_FRAMEWORK_HEADER = YES;
				CLANG_WARN_RANGE_LOOP_ANALYSIS = YES;
				CLANG_WARN_STRICT_PROTOTYPES = YES;
				CLANG_WARN_SUSPICIOUS_MOVE = YES;
				CLANG_WARN_UNGUARDED_AVAILABILITY = YES_AGGRESSIVE;
				CLANG_WARN_UNREACHABLE_CODE = YES;
				CLANG_WARN__DUPLICATE_METHOD_MATCH = YES;
				COPY_PHASE_STRIP = NO;
				DEBUG_INFORMATION_FORMAT = "dwarf-with-dsym";
				ENABLE_NS_ASSERTIONS = NO;
				ENABLE_STRICT_OBJC_MSGSEND = YES;
				ENABLE_USER_SCRIPT_SANDBOXING = YES;
				GCC_C_LANGUAGE_STANDARD = gnu17;
				GCC_NO_COMMON_BLOCKS = YES;
				GCC_WARN_64_TO_32_BIT_CONVERSION = YES;
				GCC_WARN_ABOUT_RETURN_TYPE = YES_ERROR;
				GCC_WARN_UNDECLARED_SELECTOR = YES;
				GCC_WARN_UNINITIALIZED_AUTOS = YES_AGGRESSIVE;
				GCC_WARN_UNUSED_FUNCTION = YES;
				GCC_WARN_UNUSED_VARIABLE = YES;
				LOCALIZATION_PREFERS_STRING_CATALOGS = YES;
				MTL_ENABLE_DEBUG_INFO = NO;
				MTL_FAST_MATH = YES;
				SWIFT_COMPILATION_MODE = wholemodule;
			};
			name = Release;
		};
		F4C375BF2B63B31700FF776D /* Debug */ = {
			isa = XCBuildConfiguration;
			buildSettings = {
				ASSETCATALOG_COMPILER_APPICON_NAME = AppIcon;
				ASSETCATALOG_COMPILER_GLOBAL_ACCENT_COLOR_NAME = AccentColor;
				CODE_SIGN_ENTITLEMENTS = Notificator/Notificator.entitlements;
				CODE_SIGN_STYLE = Automatic;
				CURRENT_PROJECT_VERSION = 1;
				DEVELOPMENT_ASSET_PATHS = "\"Notificator/Preview Content\"";
				DEVELOPMENT_TEAM = CBLVW5G4AU;
				ENABLE_HARDENED_RUNTIME = YES;
				ENABLE_PREVIEWS = YES;
				GENERATE_INFOPLIST_FILE = YES;
				"INFOPLIST_KEY_UIApplicationSceneManifest_Generation[sdk=iphoneos*]" = YES;
				"INFOPLIST_KEY_UIApplicationSceneManifest_Generation[sdk=iphonesimulator*]" = YES;
				"INFOPLIST_KEY_UIApplicationSupportsIndirectInputEvents[sdk=iphoneos*]" = YES;
				"INFOPLIST_KEY_UIApplicationSupportsIndirectInputEvents[sdk=iphonesimulator*]" = YES;
				"INFOPLIST_KEY_UILaunchScreen_Generation[sdk=iphoneos*]" = YES;
				"INFOPLIST_KEY_UILaunchScreen_Generation[sdk=iphonesimulator*]" = YES;
				"INFOPLIST_KEY_UIStatusBarStyle[sdk=iphoneos*]" = UIStatusBarStyleDefault;
				"INFOPLIST_KEY_UIStatusBarStyle[sdk=iphonesimulator*]" = UIStatusBarStyleDefault;
				INFOPLIST_KEY_UISupportedInterfaceOrientations_iPad = "UIInterfaceOrientationPortrait UIInterfaceOrientationPortraitUpsideDown UIInterfaceOrientationLandscapeLeft UIInterfaceOrientationLandscapeRight";
				INFOPLIST_KEY_UISupportedInterfaceOrientations_iPhone = "UIInterfaceOrientationPortrait UIInterfaceOrientationLandscapeLeft UIInterfaceOrientationLandscapeRight";
				IPHONEOS_DEPLOYMENT_TARGET = 17.2;
				LD_RUNPATH_SEARCH_PATHS = "@executable_path/Frameworks";
				"LD_RUNPATH_SEARCH_PATHS[sdk=macosx*]" = "@executable_path/../Frameworks";
				MACOSX_DEPLOYMENT_TARGET = 14.0;
				MARKETING_VERSION = 1.0;
				PRODUCT_BUNDLE_IDENTIFIER = com.LewisBaz.Notificator;
				PRODUCT_NAME = "$(TARGET_NAME)";
				SDKROOT = auto;
				SUPPORTED_PLATFORMS = "iphoneos iphonesimulator macosx";
				SWIFT_EMIT_LOC_STRINGS = YES;
				SWIFT_VERSION = 5.0;
				TARGETED_DEVICE_FAMILY = "1,2";
			};
			name = Debug;
		};
		F4C375C02B63B31700FF776D /* Release */ = {
			isa = XCBuildConfiguration;
			buildSettings = {
				ASSETCATALOG_COMPILER_APPICON_NAME = AppIcon;
				ASSETCATALOG_COMPILER_GLOBAL_ACCENT_COLOR_NAME = AccentColor;
				CODE_SIGN_ENTITLEMENTS = Notificator/Notificator.entitlements;
				CODE_SIGN_STYLE = Automatic;
				CURRENT_PROJECT_VERSION = 1;
				DEVELOPMENT_ASSET_PATHS = "\"Notificator/Preview Content\"";
				DEVELOPMENT_TEAM = CBLVW5G4AU;
				ENABLE_HARDENED_RUNTIME = YES;
				ENABLE_PREVIEWS = YES;
				GENERATE_INFOPLIST_FILE = YES;
				"INFOPLIST_KEY_UIApplicationSceneManifest_Generation[sdk=iphoneos*]" = YES;
				"INFOPLIST_KEY_UIApplicationSceneManifest_Generation[sdk=iphonesimulator*]" = YES;
				"INFOPLIST_KEY_UIApplicationSupportsIndirectInputEvents[sdk=iphoneos*]" = YES;
				"INFOPLIST_KEY_UIApplicationSupportsIndirectInputEvents[sdk=iphonesimulator*]" = YES;
				"INFOPLIST_KEY_UILaunchScreen_Generation[sdk=iphoneos*]" = YES;
				"INFOPLIST_KEY_UILaunchScreen_Generation[sdk=iphonesimulator*]" = YES;
				"INFOPLIST_KEY_UIStatusBarStyle[sdk=iphoneos*]" = UIStatusBarStyleDefault;
				"INFOPLIST_KEY_UIStatusBarStyle[sdk=iphonesimulator*]" = UIStatusBarStyleDefault;
				INFOPLIST_KEY_UISupportedInterfaceOrientations_iPad = "UIInterfaceOrientationPortrait UIInterfaceOrientationPortraitUpsideDown UIInterfaceOrientationLandscapeLeft UIInterfaceOrientationLandscapeRight";
				INFOPLIST_KEY_UISupportedInterfaceOrientations_iPhone = "UIInterfaceOrientationPortrait UIInterfaceOrientationLandscapeLeft UIInterfaceOrientationLandscapeRight";
				IPHONEOS_DEPLOYMENT_TARGET = 17.2;
				LD_RUNPATH_SEARCH_PATHS = "@executable_path/Frameworks";
				"LD_RUNPATH_SEARCH_PATHS[sdk=macosx*]" = "@executable_path/../Frameworks";
				MACOSX_DEPLOYMENT_TARGET = 14.0;
				MARKETING_VERSION = 1.0;
				PRODUCT_BUNDLE_IDENTIFIER = com.LewisBaz.Notificator;
				PRODUCT_NAME = "$(TARGET_NAME)";
				SDKROOT = auto;
				SUPPORTED_PLATFORMS = "iphoneos iphonesimulator macosx";
				SWIFT_EMIT_LOC_STRINGS = YES;
				SWIFT_VERSION = 5.0;
				TARGETED_DEVICE_FAMILY = "1,2";
			};
			name = Release;
		};
		F4C375C22B63B31700FF776D /* Debug */ = {
			isa = XCBuildConfiguration;
			buildSettings = {
				ALWAYS_EMBED_SWIFT_STANDARD_LIBRARIES = YES;
				BUNDLE_LOADER = "$(TEST_HOST)";
				CODE_SIGN_STYLE = Automatic;
				CURRENT_PROJECT_VERSION = 1;
				DEVELOPMENT_TEAM = CBLVW5G4AU;
				GENERATE_INFOPLIST_FILE = YES;
				IPHONEOS_DEPLOYMENT_TARGET = 17.2;
				MACOSX_DEPLOYMENT_TARGET = 14.2;
				MARKETING_VERSION = 1.0;
				PRODUCT_BUNDLE_IDENTIFIER = com.LewisBaz.NotificatorTests;
				PRODUCT_NAME = "$(TARGET_NAME)";
				SDKROOT = auto;
				SUPPORTED_PLATFORMS = "iphoneos iphonesimulator macosx";
				SWIFT_EMIT_LOC_STRINGS = NO;
				SWIFT_VERSION = 5.0;
				TARGETED_DEVICE_FAMILY = "1,2";
				TEST_HOST = "$(BUILT_PRODUCTS_DIR)/Notificator.app/$(BUNDLE_EXECUTABLE_FOLDER_PATH)/Notificator";
			};
			name = Debug;
		};
		F4C375C32B63B31700FF776D /* Release */ = {
			isa = XCBuildConfiguration;
			buildSettings = {
				ALWAYS_EMBED_SWIFT_STANDARD_LIBRARIES = YES;
				BUNDLE_LOADER = "$(TEST_HOST)";
				CODE_SIGN_STYLE = Automatic;
				CURRENT_PROJECT_VERSION = 1;
				DEVELOPMENT_TEAM = CBLVW5G4AU;
				GENERATE_INFOPLIST_FILE = YES;
				IPHONEOS_DEPLOYMENT_TARGET = 17.2;
				MACOSX_DEPLOYMENT_TARGET = 14.2;
				MARKETING_VERSION = 1.0;
				PRODUCT_BUNDLE_IDENTIFIER = com.LewisBaz.NotificatorTests;
				PRODUCT_NAME = "$(TARGET_NAME)";
				SDKROOT = auto;
				SUPPORTED_PLATFORMS = "iphoneos iphonesimulator macosx";
				SWIFT_EMIT_LOC_STRINGS = NO;
				SWIFT_VERSION = 5.0;
				TARGETED_DEVICE_FAMILY = "1,2";
				TEST_HOST = "$(BUILT_PRODUCTS_DIR)/Notificator.app/$(BUNDLE_EXECUTABLE_FOLDER_PATH)/Notificator";
			};
			name = Release;
		};
		F4C375C52B63B31700FF776D /* Debug */ = {
			isa = XCBuildConfiguration;
			buildSettings = {
				ALWAYS_EMBED_SWIFT_STANDARD_LIBRARIES = YES;
				CODE_SIGN_STYLE = Automatic;
				CURRENT_PROJECT_VERSION = 1;
				DEVELOPMENT_TEAM = CBLVW5G4AU;
				GENERATE_INFOPLIST_FILE = YES;
				IPHONEOS_DEPLOYMENT_TARGET = 17.2;
				MACOSX_DEPLOYMENT_TARGET = 14.2;
				MARKETING_VERSION = 1.0;
				PRODUCT_BUNDLE_IDENTIFIER = com.LewisBaz.NotificatorUITests;
				PRODUCT_NAME = "$(TARGET_NAME)";
				SDKROOT = auto;
				SUPPORTED_PLATFORMS = "iphoneos iphonesimulator macosx";
				SWIFT_EMIT_LOC_STRINGS = NO;
				SWIFT_VERSION = 5.0;
				TARGETED_DEVICE_FAMILY = "1,2";
				TEST_TARGET_NAME = Notificator;
			};
			name = Debug;
		};
		F4C375C62B63B31700FF776D /* Release */ = {
			isa = XCBuildConfiguration;
			buildSettings = {
				ALWAYS_EMBED_SWIFT_STANDARD_LIBRARIES = YES;
				CODE_SIGN_STYLE = Automatic;
				CURRENT_PROJECT_VERSION = 1;
				DEVELOPMENT_TEAM = CBLVW5G4AU;
				GENERATE_INFOPLIST_FILE = YES;
				IPHONEOS_DEPLOYMENT_TARGET = 17.2;
				MACOSX_DEPLOYMENT_TARGET = 14.2;
				MARKETING_VERSION = 1.0;
				PRODUCT_BUNDLE_IDENTIFIER = com.LewisBaz.NotificatorUITests;
				PRODUCT_NAME = "$(TARGET_NAME)";
				SDKROOT = auto;
				SUPPORTED_PLATFORMS = "iphoneos iphonesimulator macosx";
				SWIFT_EMIT_LOC_STRINGS = NO;
				SWIFT_VERSION = 5.0;
				TARGETED_DEVICE_FAMILY = "1,2";
				TEST_TARGET_NAME = Notificator;
			};
			name = Release;
		};
/* End XCBuildConfiguration section */

/* Begin XCConfigurationList section */
		F4C375922B63B31600FF776D /* Build configuration list for PBXProject "Notificator" */ = {
			isa = XCConfigurationList;
			buildConfigurations = (
				F4C375BC2B63B31700FF776D /* Debug */,
				F4C375BD2B63B31700FF776D /* Release */,
			);
			defaultConfigurationIsVisible = 0;
			defaultConfigurationName = Release;
		};
		F4C375BE2B63B31700FF776D /* Build configuration list for PBXNativeTarget "Notificator" */ = {
			isa = XCConfigurationList;
			buildConfigurations = (
				F4C375BF2B63B31700FF776D /* Debug */,
				F4C375C02B63B31700FF776D /* Release */,
			);
			defaultConfigurationIsVisible = 0;
			defaultConfigurationName = Release;
		};
		F4C375C12B63B31700FF776D /* Build configuration list for PBXNativeTarget "NotificatorTests" */ = {
			isa = XCConfigurationList;
			buildConfigurations = (
				F4C375C22B63B31700FF776D /* Debug */,
				F4C375C32B63B31700FF776D /* Release */,
			);
			defaultConfigurationIsVisible = 0;
			defaultConfigurationName = Release;
		};
		F4C375C42B63B31700FF776D /* Build configuration list for PBXNativeTarget "NotificatorUITests" */ = {
			isa = XCConfigurationList;
			buildConfigurations = (
				F4C375C52B63B31700FF776D /* Debug */,
				F4C375C62B63B31700FF776D /* Release */,
			);
			defaultConfigurationIsVisible = 0;
			defaultConfigurationName = Release;
		};
/* End XCConfigurationList section */

/* Begin XCRemoteSwiftPackageReference section */
		F41813272B68F941003E2814 /* XCRemoteSwiftPackageReference "SafeSFSymbols" */ = {
			isa = XCRemoteSwiftPackageReference;
			repositoryURL = "https://github.com/sparrowcode/SafeSFSymbols";
			requirement = {
				kind = upToNextMajorVersion;
				minimumVersion = 2.0.1;
			};
		};
		F4C375C72B63B64100FF776D /* XCRemoteSwiftPackageReference "TabBar" */ = {
			isa = XCRemoteSwiftPackageReference;
			repositoryURL = "https://github.com/onl1ner/TabBar?tab=readme-ov-file#customization";
			requirement = {
				kind = upToNextMajorVersion;
				minimumVersion = 1.3.0;
			};
		};
/* End XCRemoteSwiftPackageReference section */

/* Begin XCSwiftPackageProductDependency section */
		F41813282B68F941003E2814 /* SafeSFSymbols */ = {
			isa = XCSwiftPackageProductDependency;
			package = F41813272B68F941003E2814 /* XCRemoteSwiftPackageReference "SafeSFSymbols" */;
			productName = SafeSFSymbols;
		};
		F4C375C82B63B64100FF776D /* TabBar */ = {
			isa = XCSwiftPackageProductDependency;
			package = F4C375C72B63B64100FF776D /* XCRemoteSwiftPackageReference "TabBar" */;
			productName = TabBar;
		};
/* End XCSwiftPackageProductDependency section */
	};
	rootObject = F4C3758F2B63B31600FF776D /* Project object */;
}
